dependencies:
- name: library
  repository: file://../library
  version: 0.0.1
- name: ceph-csi-operator
  repository: https://ceph.github.io/ceph-csi-operator
  version: 0.4.1
digest: sha256:db210e49f50431e7085a37b4741d3438403cb70addc122e222b2bf4b52a59eb6
generated: "2025-10-06T18:41:11.243593391Z"
